github.com/antlr/antlr4 v0.0.0-20210504221506-38ddc28e6e15 h1:6wlaaxJSkSlsn3bxaj/xHjbXAhgNyDpxWUcEwfjr+YA=
github.com/antlr/antlr4/runtime/Go/antlr v0.0.0-20210504221506-38ddc28e6e15 h1:xyStfLEZx4+95G4H2EipQeP3sKzVNHvMYn/o1Y8QVDE=
github.com/antlr/antlr4/runtime/Go/antlr v0.0.0-20210504221506-38ddc28e6e15/go.mod h1:F7bn7fEU90QkQ3tnmaTx3LTKLEDqnwWODIYppRQ5hnY=
